
Microsoft Visual Studio Solution File, Format Version 12.00
# Visual Studio Version 17
VisualStudioVersion = 17.3.32922.545
MinimumVisualStudioVersion = 10.0.40219.1
Project("{8BC9CEB8-8B4A-11D0-8D11-00A0C91BC942}") = "GTA_Project_Oliveras_Gratacos", "GTA_Project_Oliveras_Gratacos\GTA_Project_Oliveras_Gratacos.vcxproj", "{EBE49A7B-4F1C-4EB5-BD21-426C5C248EC5}"
EndProject
Global
	GlobalSection(SolutionConfigurationPlatforms) = preSolution
		Debug|x64 = Debug|x64
		Debug|x86 = Debug|x86
		Release|x64 = Release|x64
		Release|x86 = Release|x86
	EndGlobalSection
	GlobalSection(ProjectConfigurationPlatforms) = postSolution
		{EBE49A7B-4F1C-4EB5-BD21-426C5C248EC5}.Debug|x64.ActiveCfg = Debug|x64
		{EBE49A7B-4F1C-4EB5-BD21-426C5C248EC5}.Debug|x64.Build.0 = Debug|x64
		{EBE49A7B-4F1C-4EB5-BD21-426C5C248EC5}.Debug|x86.ActiveCfg = Debug|Win32
		{EBE49A7B-4F1C-4EB5-BD21-426C5C248EC5}.Debug|x86.Build.0 = Debug|Win32
		{EBE49A7B-4F1C-4EB5-BD21-426C5C248EC5}.Release|x64.ActiveCfg = Release|x64
		{EBE49A7B-4F1C-4EB5-BD21-426C5C248EC5}.Release|x64.Build.0 = Release|x64
		{EBE49A7B-4F1C-4EB5-BD21-426C5C248EC5}.Release|x86.ActiveCfg = Release|Win32
		{EBE49A7B-4F1C-4EB5-BD21-426C5C248EC5}.Release|x86.Build.0 = Release|Win32
	EndGlobalSection
	GlobalSection(SolutionProperties) = preSolution
		HideSolutionNode = FALSE
	EndGlobalSection
	GlobalSection(ExtensibilityGlobals) = postSolution
		SolutionGuid = {1328BC14-6CBA-4905-A285-E60B470D1759}
	EndGlobalSection
EndGlobal
